// !$*UTF8*$!
{
	archiveVersion = 1;
	classes = {
	};
	objectVersion = 39;
	objects = {
		06AA1262FFB20DD611CA28AA = {
			buildRules = (
			);
			buildSettings = {
				COPY_PHASE_STRIP = NO;
				GCC_DYNAMIC_NO_PIC = NO;
				GCC_ENABLE_FIX_AND_CONTINUE = YES;
				GCC_GENERATE_DEBUGGING_SYMBOLS = YES;
				GCC_OPTIMIZATION_LEVEL = 0;
				OPTIMIZATION_CFLAGS = "-O0";
				ZERO_LINK = YES;
			};
			isa = PBXBuildStyle;
			name = Development;
		};
		06AA1263FFB20DD611CA28AA = {
			buildRules = (
			);
			buildSettings = {
				COPY_PHASE_STRIP = YES;
				GCC_ENABLE_FIX_AND_CONTINUE = NO;
				ZERO_LINK = NO;
			};
			isa = PBXBuildStyle;
			name = Deployment;
		};
//060
//061
//062
//063
//064
//080
//081
//082
//083
//084
		089C1669FE841209C02AAC07 = {
			buildSettings = {
			};
			buildStyles = (
				06AA1262FFB20DD611CA28AA,
				06AA1263FFB20DD611CA28AA,
			);
			hasScannedForEncodings = 1;
			isa = PBXProject;
			mainGroup = 089C166AFE841209C02AAC07;
			projectDirPath = "";
			targets = (
				32A4FEB80562C75700D090E7,
			);
		};
		089C166AFE841209C02AAC07 = {
			children = (
				247142CAFF3F8F9811CA285C,
				089C167CFE841241C02AAC07,
				19C28FB6FE9D52B211CA2CBB,
			);
			isa = PBXGroup;
			name = portals;
			refType = 4;
			sourceTree = "<group>";
		};
		089C167CFE841241C02AAC07 = {
			children = (
				32A4FEC30562C75700D090E7,
			);
			isa = PBXGroup;
			name = Resources;
			refType = 4;
			sourceTree = "<group>";
		};
//080
//081
//082
//083
//084
//190
//191
//192
//193
//194
		19A778270730EACD00846375 = {
			fileEncoding = 30;
			isa = PBXFileReference;
			lastKnownFileType = sourcecode.c.c;
			path = module.c;
			refType = 2;
			sourceTree = SOURCE_ROOT;
		};
		19A778280730EACD00846375 = {
			fileRef = 19A778270730EACD00846375;
			isa = PBXBuildFile;
			settings = {
			};
		};
		19A7782B0730EB8400846375 = {
			fileEncoding = 30;
			isa = PBXFileReference;
			lastKnownFileType = sourcecode.c.c;
			path = "api-errno.c";
			refType = 2;
			sourceTree = SOURCE_ROOT;
		};
		19A7782C0730EB8400846375 = {
			fileEncoding = 30;
			isa = PBXFileReference;
			lastKnownFileType = sourcecode.c.c;
			path = "api-ni.c";
			refType = 2;
			sourceTree = SOURCE_ROOT;
		};
		19A7782D0730EB8400846375 = {
			fileEncoding = 30;
			isa = PBXFileReference;
			lastKnownFileType = sourcecode.c.c;
			path = "api-wrap.c";
			refType = 2;
			sourceTree = SOURCE_ROOT;
		};
		19A7782E0730EB8400846375 = {
			fileEncoding = 30;
			isa = PBXFileReference;
			lastKnownFileType = sourcecode.c.c;
			path = "lib-eq.c";
			refType = 2;
			sourceTree = SOURCE_ROOT;
		};
		19A7782F0730EB8400846375 = {
			fileEncoding = 30;
			isa = PBXFileReference;
			lastKnownFileType = sourcecode.c.c;
			path = "lib-init.c";
			refType = 2;
			sourceTree = SOURCE_ROOT;
		};
		19A778300730EB8400846375 = {
			fileEncoding = 30;
			isa = PBXFileReference;
			lastKnownFileType = sourcecode.c.c;
			path = "lib-md.c";
			refType = 2;
			sourceTree = SOURCE_ROOT;
		};
		19A778310730EB8400846375 = {
			fileEncoding = 30;
			isa = PBXFileReference;
			lastKnownFileType = sourcecode.c.c;
			path = "lib-me.c";
			refType = 2;
			sourceTree = SOURCE_ROOT;
		};
		19A778320730EB8400846375 = {
			fileEncoding = 30;
			isa = PBXFileReference;
			lastKnownFileType = sourcecode.c.c;
			path = "lib-move.c";
			refType = 2;
			sourceTree = SOURCE_ROOT;
		};
		19A778330730EB8400846375 = {
			fileEncoding = 30;
			isa = PBXFileReference;
			lastKnownFileType = sourcecode.c.c;
			path = "lib-msg.c";
			refType = 2;
			sourceTree = SOURCE_ROOT;
		};
		19A778340730EB8400846375 = {
			fileEncoding = 30;
			isa = PBXFileReference;
			lastKnownFileType = sourcecode.c.c;
			path = "lib-ni.c";
			refType = 2;
			sourceTree = SOURCE_ROOT;
		};
		19A778350730EB8400846375 = {
			fileEncoding = 30;
			isa = PBXFileReference;
			lastKnownFileType = sourcecode.c.c;
			path = "lib-pid.c";
			refType = 2;
			sourceTree = SOURCE_ROOT;
		};
		19A778360730EB8400846375 = {
			fileRef = 19A7782B0730EB8400846375;
			isa = PBXBuildFile;
			settings = {
			};
		};
		19A778370730EB8400846375 = {
			fileRef = 19A7782C0730EB8400846375;
			isa = PBXBuildFile;
			settings = {
			};
		};
		19A778380730EB8400846375 = {
			fileRef = 19A7782D0730EB8400846375;
			isa = PBXBuildFile;
			settings = {
			};
		};
		19A778390730EB8400846375 = {
			fileRef = 19A7782E0730EB8400846375;
			isa = PBXBuildFile;
			settings = {
			};
		};
		19A7783A0730EB8400846375 = {
			fileRef = 19A7782F0730EB8400846375;
			isa = PBXBuildFile;
			settings = {
			};
		};
		19A7783B0730EB8400846375 = {
			fileRef = 19A778300730EB8400846375;
			isa = PBXBuildFile;
			settings = {
			};
		};
		19A7783C0730EB8400846375 = {
			fileRef = 19A778310730EB8400846375;
			isa = PBXBuildFile;
			settings = {
			};
		};
		19A7783D0730EB8400846375 = {
			fileRef = 19A778320730EB8400846375;
			isa = PBXBuildFile;
			settings = {
			};
		};
		19A7783E0730EB8400846375 = {
			fileRef = 19A778330730EB8400846375;
			isa = PBXBuildFile;
			settings = {
			};
		};
		19A7783F0730EB8400846375 = {
			fileRef = 19A778340730EB8400846375;
			isa = PBXBuildFile;
			settings = {
			};
		};
		19A778400730EB8400846375 = {
			fileRef = 19A778350730EB8400846375;
			isa = PBXBuildFile;
			settings = {
			};
		};
		19C28FB6FE9D52B211CA2CBB = {
			children = (
				32A4FEC40562C75800D090E7,
			);
			isa = PBXGroup;
			name = Products;
			refType = 4;
			sourceTree = "<group>";
		};
//190
//191
//192
//193
//194
//240
//241
//242
//243
//244
		247142CAFF3F8F9811CA285C = {
			children = (
				19A7782B0730EB8400846375,
				19A7782C0730EB8400846375,
				19A7782D0730EB8400846375,
				19A7782E0730EB8400846375,
				19A7782F0730EB8400846375,
				19A778300730EB8400846375,
				19A778310730EB8400846375,
				19A778320730EB8400846375,
				19A778330730EB8400846375,
				19A778340730EB8400846375,
				19A778350730EB8400846375,
				19A778270730EACD00846375,
			);
			isa = PBXGroup;
			name = Source;
			path = "";
			refType = 4;
			sourceTree = "<group>";
		};
//240
//241
//242
//243
//244
//320
//321
//322
//323
//324
		32A4FEB80562C75700D090E7 = {
			buildPhases = (
				32A4FEB90562C75700D090E7,
				32A4FEBA0562C75700D090E7,
				32A4FEBB0562C75700D090E7,
				32A4FEBD0562C75700D090E7,
				32A4FEBF0562C75700D090E7,
				32A4FEC00562C75700D090E7,
				32A4FEC10562C75700D090E7,
			);
			buildRules = (
			);
			buildSettings = {
				FRAMEWORK_SEARCH_PATHS = "";
				GCC_WARN_FOUR_CHARACTER_CONSTANTS = NO;
				GCC_WARN_UNKNOWN_PRAGMAS = NO;
				HEADER_SEARCH_PATHS = ../include;
				INFOPLIST_FILE = Info.plist;
				INSTALL_PATH = "$(SYSTEM_LIBRARY_DIR)/Extensions";
				LIBRARY_SEARCH_PATHS = "";
				MODULE_NAME = com.clusterfs.lustre.portals.portals.portals;
				MODULE_START = portals_start;
				MODULE_STOP = portals_stop;
				MODULE_VERSION = 1.0.1;
				OTHER_CFLAGS = "-D__KERNEL__";
				OTHER_LDFLAGS = "";
				OTHER_REZFLAGS = "";
				PRODUCT_NAME = portals;
				SECTORDER_FLAGS = "";
				WARNING_CFLAGS = "-Wmost";
				WRAPPER_EXTENSION = kext;
			};
			dependencies = (
			);
			isa = PBXNativeTarget;
			name = portals;
			productInstallPath = "$(SYSTEM_LIBRARY_DIR)/Extensions";
			productName = portals;
			productReference = 32A4FEC40562C75800D090E7;
			productType = "com.apple.product-type.kernel-extension";
		};
		32A4FEB90562C75700D090E7 = {
			buildActionMask = 2147483647;
			files = (
			);
			isa = PBXShellScriptBuildPhase;
			runOnlyForDeploymentPostprocessing = 0;
			shellPath = /bin/sh;
			shellScript = "script=\"${SYSTEM_DEVELOPER_DIR}/ProjectBuilder Extras/Kernel Extension Support/KEXTPreprocess\";\nif [ -x \"$script\" ]; then\n    . \"$script\"\nfi";
		};
		32A4FEBA0562C75700D090E7 = {
			buildActionMask = 2147483647;
			files = (
			);
			isa = PBXHeadersBuildPhase;
			runOnlyForDeploymentPostprocessing = 0;
		};
		32A4FEBB0562C75700D090E7 = {
			buildActionMask = 2147483647;
			files = (
			);
			isa = PBXResourcesBuildPhase;
			runOnlyForDeploymentPostprocessing = 0;
		};
		32A4FEBD0562C75700D090E7 = {
			buildActionMask = 2147483647;
			files = (
				19A778280730EACD00846375,
				19A778360730EB8400846375,
				19A778370730EB8400846375,
				19A778380730EB8400846375,
				19A778390730EB8400846375,
				19A7783A0730EB8400846375,
				19A7783B0730EB8400846375,
				19A7783C0730EB8400846375,
				19A7783D0730EB8400846375,
				19A7783E0730EB8400846375,
				19A7783F0730EB8400846375,
				19A778400730EB8400846375,
			);
			isa = PBXSourcesBuildPhase;
			runOnlyForDeploymentPostprocessing = 0;
		};
		32A4FEBF0562C75700D090E7 = {
			buildActionMask = 2147483647;
			files = (
			);
			isa = PBXFrameworksBuildPhase;
			runOnlyForDeploymentPostprocessing = 0;
		};
		32A4FEC00562C75700D090E7 = {
			buildActionMask = 2147483647;
			files = (
			);
			isa = PBXRezBuildPhase;
			runOnlyForDeploymentPostprocessing = 0;
		};
		32A4FEC10562C75700D090E7 = {
			buildActionMask = 2147483647;
			files = (
			);
			isa = PBXShellScriptBuildPhase;
			runOnlyForDeploymentPostprocessing = 0;
			shellPath = /bin/sh;
			shellScript = "script=\"${SYSTEM_DEVELOPER_DIR}/ProjectBuilder Extras/Kernel Extension Support/KEXTPostprocess\";\nif [ -x \"$script\" ]; then\n    . \"$script\"\nfi";
		};
		32A4FEC30562C75700D090E7 = {
			isa = PBXFileReference;
			lastKnownFileType = text.plist.xml;
			path = Info.plist;
			refType = 4;
			sourceTree = "<group>";
		};
		32A4FEC40562C75800D090E7 = {
			explicitFileType = wrapper.cfbundle;
			includeInIndex = 0;
			isa = PBXFileReference;
			path = portals.kext;
			refType = 3;
			sourceTree = BUILT_PRODUCTS_DIR;
		};
	};
	rootObject = 089C1669FE841209C02AAC07;
}
