// !$*UTF8*$!
{
	archiveVersion = 1;
	classes = {
	};
	objectVersion = 39;
	objects = {
		06AA1262FFB20DD611CA28AA = {
			buildRules = (
			);
			buildSettings = {
				COPY_PHASE_STRIP = NO;
				GCC_DYNAMIC_NO_PIC = NO;
				GCC_ENABLE_FIX_AND_CONTINUE = YES;
				GCC_GENERATE_DEBUGGING_SYMBOLS = YES;
				GCC_OPTIMIZATION_LEVEL = 0;
				OPTIMIZATION_CFLAGS = "-O0";
				ZERO_LINK = YES;
			};
			isa = PBXBuildStyle;
			name = Development;
		};
		06AA1263FFB20DD611CA28AA = {
			buildRules = (
			);
			buildSettings = {
				COPY_PHASE_STRIP = YES;
				GCC_ENABLE_FIX_AND_CONTINUE = NO;
				ZERO_LINK = NO;
			};
			isa = PBXBuildStyle;
			name = Deployment;
		};
//060
//061
//062
//063
//064
//080
//081
//082
//083
//084
		089C1669FE841209C02AAC07 = {
			buildSettings = {
			};
			buildStyles = (
				06AA1262FFB20DD611CA28AA,
				06AA1263FFB20DD611CA28AA,
			);
			hasScannedForEncodings = 1;
			isa = PBXProject;
			mainGroup = 089C166AFE841209C02AAC07;
			projectDirPath = "";
			targets = (
				32A4FEB80562C75700D090E7,
			);
		};
		089C166AFE841209C02AAC07 = {
			children = (
				247142CAFF3F8F9811CA285C,
				089C167CFE841241C02AAC07,
				19C28FB6FE9D52B211CA2CBB,
			);
			isa = PBXGroup;
			name = libcfs;
			refType = 4;
			sourceTree = "<group>";
		};
		089C167CFE841241C02AAC07 = {
			children = (
				32A4FEC30562C75700D090E7,
			);
			isa = PBXGroup;
			name = Resources;
			refType = 4;
			sourceTree = "<group>";
		};
//080
//081
//082
//083
//084
//190
//191
//192
//193
//194
		19444794072D07AD00DAF9BC = {
			fileEncoding = 30;
			isa = PBXFileReference;
			lastKnownFileType = sourcecode.c.c;
			path = tracefile.c;
			refType = 2;
			sourceTree = SOURCE_ROOT;
		};
		19444795072D07AD00DAF9BC = {
			fileRef = 19444794072D07AD00DAF9BC;
			isa = PBXBuildFile;
			settings = {
			};
		};
		19444796072D08AA00DAF9BC = {
			fileEncoding = 30;
			isa = PBXFileReference;
			lastKnownFileType = sourcecode.c.c;
			path = debug.c;
			refType = 2;
			sourceTree = SOURCE_ROOT;
		};
		19444797072D08AA00DAF9BC = {
			fileRef = 19444796072D08AA00DAF9BC;
			isa = PBXBuildFile;
			settings = {
			};
		};
		19509C03072CD5FF00A958C3 = {
			fileEncoding = 30;
			isa = PBXFileReference;
			lastKnownFileType = sourcecode.c.c;
			path = module.c;
			refType = 2;
			sourceTree = SOURCE_ROOT;
		};
		19509C04072CD5FF00A958C3 = {
			fileRef = 19509C03072CD5FF00A958C3;
			isa = PBXBuildFile;
			settings = {
			};
		};
		19713B76072E8274004E8469 = {
			fileEncoding = 30;
			isa = PBXFileReference;
			lastKnownFileType = sourcecode.c.c;
			name = cfs_prim.c;
			path = arch/xnu/cfs_prim.c;
			refType = 2;
			sourceTree = SOURCE_ROOT;
		};
		19713B77072E8274004E8469 = {
			fileRef = 19713B76072E8274004E8469;
			isa = PBXBuildFile;
			settings = {
			};
		};
		19713BB7072E8281004E8469 = {
			fileEncoding = 30;
			isa = PBXFileReference;
			lastKnownFileType = sourcecode.c.c;
			name = cfs_mem.c;
			path = arch/xnu/cfs_mem.c;
			refType = 2;
			sourceTree = SOURCE_ROOT;
		};
		19713BB8072E8281004E8469 = {
			fileRef = 19713BB7072E8281004E8469;
			isa = PBXBuildFile;
			settings = {
			};
		};
		19713BF7072E828E004E8469 = {
			fileEncoding = 30;
			isa = PBXFileReference;
			lastKnownFileType = sourcecode.c.c;
			name = cfs_proc.c;
			path = arch/xnu/cfs_proc.c;
			refType = 2;
			sourceTree = SOURCE_ROOT;
		};
		19713BF8072E828E004E8469 = {
			fileRef = 19713BF7072E828E004E8469;
			isa = PBXBuildFile;
			settings = {
			};
		};
		19713C7A072E82B2004E8469 = {
			fileEncoding = 30;
			isa = PBXFileReference;
			lastKnownFileType = sourcecode.c.c;
			name = cfs_utils.c;
			path = arch/xnu/cfs_utils.c;
			refType = 2;
			sourceTree = SOURCE_ROOT;
		};
		19713C7B072E82B2004E8469 = {
			fileRef = 19713C7A072E82B2004E8469;
			isa = PBXBuildFile;
			settings = {
			};
		};
		19713CD6072E8A56004E8469 = {
			fileEncoding = 30;
			isa = PBXFileReference;
			lastKnownFileType = sourcecode.c.c;
			name = cfs_module.c;
			path = arch/xnu/cfs_module.c;
			refType = 2;
			sourceTree = SOURCE_ROOT;
		};
		19713CD7072E8A56004E8469 = {
			fileRef = 19713CD6072E8A56004E8469;
			isa = PBXBuildFile;
			settings = {
			};
		};
		19713D1B072E8E39004E8469 = {
			fileEncoding = 30;
			isa = PBXFileReference;
			lastKnownFileType = sourcecode.c.c;
			name = cfs_fs.c;
			path = arch/xnu/cfs_fs.c;
			refType = 2;
			sourceTree = SOURCE_ROOT;
		};
		19713D1C072E8E39004E8469 = {
			fileRef = 19713D1B072E8E39004E8469;
			isa = PBXBuildFile;
			settings = {
			};
		};
		19713D60072E9109004E8469 = {
			fileEncoding = 30;
			isa = PBXFileReference;
			lastKnownFileType = sourcecode.c.c;
			name = xnu_sync.c;
			path = arch/xnu/xnu_sync.c;
			refType = 2;
			sourceTree = SOURCE_ROOT;
		};
		19713D61072E9109004E8469 = {
			fileRef = 19713D60072E9109004E8469;
			isa = PBXBuildFile;
			settings = {
			};
		};
		19713DC2072F994D004E8469 = {
			fileEncoding = 30;
			isa = PBXFileReference;
			lastKnownFileType = sourcecode.c.c;
			name = cfs_tracefile.c;
			path = arch/xnu/cfs_tracefile.c;
			refType = 2;
			sourceTree = SOURCE_ROOT;
		};
		19713DC3072F994D004E8469 = {
			fileRef = 19713DC2072F994D004E8469;
			isa = PBXBuildFile;
			settings = {
			};
		};
		19713E1C072FAFB5004E8469 = {
			fileEncoding = 30;
			isa = PBXFileReference;
			lastKnownFileType = sourcecode.c.c;
			name = cfs_debug.c;
			path = arch/xnu/cfs_debug.c;
			refType = 2;
			sourceTree = SOURCE_ROOT;
		};
		19713E1D072FAFB5004E8469 = {
			fileRef = 19713E1C072FAFB5004E8469;
			isa = PBXBuildFile;
			settings = {
			};
		};
		19C28FB6FE9D52B211CA2CBB = {
			children = (
				32A4FEC40562C75800D090E7,
			);
			isa = PBXGroup;
			name = Products;
			refType = 4;
			sourceTree = "<group>";
		};
//190
//191
//192
//193
//194
//240
//241
//242
//243
//244
		247142CAFF3F8F9811CA285C = {
			children = (
				19713E1C072FAFB5004E8469,
				19713DC2072F994D004E8469,
				19713D60072E9109004E8469,
				19713D1B072E8E39004E8469,
				19713CD6072E8A56004E8469,
				19713C7A072E82B2004E8469,
				19713BF7072E828E004E8469,
				19713BB7072E8281004E8469,
				19713B76072E8274004E8469,
				19444796072D08AA00DAF9BC,
				19444794072D07AD00DAF9BC,
				19509C03072CD5FF00A958C3,
			);
			isa = PBXGroup;
			name = Source;
			path = "";
			refType = 4;
			sourceTree = "<group>";
		};
//240
//241
//242
//243
//244
//320
//321
//322
//323
//324
		32A4FEB80562C75700D090E7 = {
			buildPhases = (
				32A4FEB90562C75700D090E7,
				32A4FEBA0562C75700D090E7,
				32A4FEBB0562C75700D090E7,
				32A4FEBD0562C75700D090E7,
				32A4FEBF0562C75700D090E7,
				32A4FEC00562C75700D090E7,
				32A4FEC10562C75700D090E7,
			);
			buildRules = (
			);
			buildSettings = {
				FRAMEWORK_SEARCH_PATHS = "";
				GCC_WARN_FOUR_CHARACTER_CONSTANTS = NO;
				GCC_WARN_UNKNOWN_PRAGMAS = NO;
				HEADER_SEARCH_PATHS = ../include;
				INFOPLIST_FILE = Info.plist;
				INSTALL_PATH = "$(SYSTEM_LIBRARY_DIR)/Extensions";
				LIBRARY_SEARCH_PATHS = "";
				MODULE_NAME = com.clusterfs.lustre.portals.libcfs;
				MODULE_START = libcfs_start;
				MODULE_STOP = libcfs_stop;
				MODULE_VERSION = 1.0.1;
				OTHER_CFLAGS = "-D__KERNEL__";
				OTHER_LDFLAGS = "";
				OTHER_REZFLAGS = "";
				PRODUCT_NAME = libcfs;
				SECTORDER_FLAGS = "";
				WARNING_CFLAGS = "-Wmost";
				WRAPPER_EXTENSION = kext;
			};
			dependencies = (
			);
			isa = PBXNativeTarget;
			name = libcfs;
			productInstallPath = "$(SYSTEM_LIBRARY_DIR)/Extensions";
			productName = libcfs;
			productReference = 32A4FEC40562C75800D090E7;
			productType = "com.apple.product-type.kernel-extension";
		};
		32A4FEB90562C75700D090E7 = {
			buildActionMask = 2147483647;
			files = (
			);
			isa = PBXShellScriptBuildPhase;
			runOnlyForDeploymentPostprocessing = 0;
			shellPath = /bin/sh;
			shellScript = "script=\"${SYSTEM_DEVELOPER_DIR}/ProjectBuilder Extras/Kernel Extension Support/KEXTPreprocess\";\nif [ -x \"$script\" ]; then\n    . \"$script\"\nfi";
		};
		32A4FEBA0562C75700D090E7 = {
			buildActionMask = 2147483647;
			files = (
			);
			isa = PBXHeadersBuildPhase;
			runOnlyForDeploymentPostprocessing = 0;
		};
		32A4FEBB0562C75700D090E7 = {
			buildActionMask = 2147483647;
			files = (
			);
			isa = PBXResourcesBuildPhase;
			runOnlyForDeploymentPostprocessing = 0;
		};
		32A4FEBD0562C75700D090E7 = {
			buildActionMask = 2147483647;
			files = (
				19509C04072CD5FF00A958C3,
				19444795072D07AD00DAF9BC,
				19444797072D08AA00DAF9BC,
				19713B77072E8274004E8469,
				19713BB8072E8281004E8469,
				19713BF8072E828E004E8469,
				19713C7B072E82B2004E8469,
				19713CD7072E8A56004E8469,
				19713D1C072E8E39004E8469,
				19713D61072E9109004E8469,
				19713DC3072F994D004E8469,
				19713E1D072FAFB5004E8469,
			);
			isa = PBXSourcesBuildPhase;
			runOnlyForDeploymentPostprocessing = 0;
		};
		32A4FEBF0562C75700D090E7 = {
			buildActionMask = 2147483647;
			files = (
			);
			isa = PBXFrameworksBuildPhase;
			runOnlyForDeploymentPostprocessing = 0;
		};
		32A4FEC00562C75700D090E7 = {
			buildActionMask = 2147483647;
			files = (
			);
			isa = PBXRezBuildPhase;
			runOnlyForDeploymentPostprocessing = 0;
		};
		32A4FEC10562C75700D090E7 = {
			buildActionMask = 2147483647;
			files = (
			);
			isa = PBXShellScriptBuildPhase;
			runOnlyForDeploymentPostprocessing = 0;
			shellPath = /bin/sh;
			shellScript = "script=\"${SYSTEM_DEVELOPER_DIR}/ProjectBuilder Extras/Kernel Extension Support/KEXTPostprocess\";\nif [ -x \"$script\" ]; then\n    . \"$script\"\nfi";
		};
		32A4FEC30562C75700D090E7 = {
			isa = PBXFileReference;
			lastKnownFileType = text.plist.xml;
			path = Info.plist;
			refType = 4;
			sourceTree = "<group>";
		};
		32A4FEC40562C75800D090E7 = {
			explicitFileType = wrapper.cfbundle;
			includeInIndex = 0;
			isa = PBXFileReference;
			path = libcfs.kext;
			refType = 3;
			sourceTree = BUILT_PRODUCTS_DIR;
		};
	};
	rootObject = 089C1669FE841209C02AAC07;
}
